
Microsoft Visual Studio Solution File, Format Version 12.00
# Visual Studio Version 18
VisualStudioVersion = 18.0.11205.157
MinimumVisualStudioVersion = 10.0.40219.1
Project("{2150E333-8FDC-42A3-9474-1A3956D46DE8}") = "src", "src", "{55306BDC-2D43-4556-B51F-9EC6ADB35C27}"
	ProjectSection(SolutionItems) = preProject
		src\Adapter.cs = src\Adapter.cs
	EndProjectSection
EndProject
Project("{2150E333-8FDC-42A3-9474-1A3956D46DE8}") = ".github", ".github", "{ABBB97F6-6D4A-4466-AD9F-0F29F70986AE}"
EndProject
Project("{2150E333-8FDC-42A3-9474-1A3956D46DE8}") = "workflows", "workflows", "{91D1B450-E1BC-4477-AF34-9CD357198096}"
	ProjectSection(SolutionItems) = preProject
		.github\workflows\build_10.0.yml = .github\workflows\build_10.0.yml
	EndProjectSection
EndProject
Project("{2150E333-8FDC-42A3-9474-1A3956D46DE8}") = "솔루션 항목", "솔루션 항목", "{6CCB4DE2-1677-4EEC-9845-2864AD024661}"
	ProjectSection(SolutionItems) = preProject
		.gitignore = .gitignore
		LICENSE = LICENSE
		README.md = README.md
	EndProjectSection
EndProject
Project("{FAE04EC0-301F-11D3-BF4B-00C04F79EFBC}") = "MetaFrm.Database.Adapter(net10.0)", "MetaFrm.Database.Adapter(net10.0)\MetaFrm.Database.Adapter(net10.0).csproj", "{92CE8DA3-71E3-EAD2-F501-F7518B95DC5F}"
EndProject
Global
	GlobalSection(SolutionConfigurationPlatforms) = preSolution
		Debug|Any CPU = Debug|Any CPU
		Release|Any CPU = Release|Any CPU
	EndGlobalSection
	GlobalSection(ProjectConfigurationPlatforms) = postSolution
		{92CE8DA3-71E3-EAD2-F501-F7518B95DC5F}.Debug|Any CPU.ActiveCfg = Debug|Any CPU
		{92CE8DA3-71E3-EAD2-F501-F7518B95DC5F}.Debug|Any CPU.Build.0 = Debug|Any CPU
		{92CE8DA3-71E3-EAD2-F501-F7518B95DC5F}.Release|Any CPU.ActiveCfg = Release|Any CPU
		{92CE8DA3-71E3-EAD2-F501-F7518B95DC5F}.Release|Any CPU.Build.0 = Release|Any CPU
	EndGlobalSection
	GlobalSection(SolutionProperties) = preSolution
		HideSolutionNode = FALSE
	EndGlobalSection
	GlobalSection(NestedProjects) = preSolution
		{91D1B450-E1BC-4477-AF34-9CD357198096} = {ABBB97F6-6D4A-4466-AD9F-0F29F70986AE}
	EndGlobalSection
	GlobalSection(ExtensibilityGlobals) = postSolution
		SolutionGuid = {BCE862AC-A387-4F60-BFA0-2DA0E7F25DF7}
	EndGlobalSection
EndGlobal
